{
    "_readme": [
        "This file locks the dependencies of your project to a known state",
        "Read more about it at https://getcomposer.org/doc/01-basic-usage.md#composer-lock-the-lock-file",
        "This file is @generated automatically"
    ],
    "hash": "05c82dd922d77330a17239882f0759c4",
    "content-hash": "3a6fead648b69f665c1cfc8d9dd6e0f8",
    "packages": [],
    "packages-dev": [
        {
            "name": "composer/semver",
            "version": "1.2.0",
            "source": {
                "type": "git",
                "url": "https://github.com/composer/semver.git",
                "reference": "0faeb6e433f6b352f0dc55ec1faf5c6b605a35d3"
            },
            "dist": {
                "type": "zip",
                "url": "https://api.github.com/repos/composer/semver/zipball/0faeb6e433f6b352f0dc55ec1faf5c6b605a35d3",
                "reference": "0faeb6e433f6b352f0dc55ec1faf5c6b605a35d3",
                "shasum": ""
            },
            "require": {
                "php": "^5.3.2 || ^7.0"
            },
            "require-dev": {
                "phpunit/phpunit": "^4.5 || ^5.0.5",
                "phpunit/phpunit-mock-objects": "2.3.0 || ^3.0"
            },
            "type": "library",
            "extra": {
                "branch-alias": {
                    "dev-master": "1.x-dev"
                }
            },
            "autoload": {
                "psr-4": {
                    "Composer\\Semver\\": "src"
                }
            },
            "notification-url": "https://packagist.org/downloads/",
            "license": [
                "MIT"
            ],
            "authors": [
                {
                    "name": "Nils Adermann",
                    "email": "naderman@naderman.de",
                    "homepage": "http://www.naderman.de"
                },
                {
                    "name": "Jordi Boggiano",
                    "email": "j.boggiano@seld.be",
                    "homepage": "http://seld.be"
                },
                {
                    "name": "Rob Bast",
                    "email": "rob.bast@gmail.com",
                    "homepage": "http://robbast.nl"
                }
            ],
            "description": "Semver library that offers utilities, version constraint parsing and validation.",
            "keywords": [
                "semantic",
                "semver",
                "validation",
                "versioning"
            ],
            "time": "2015-11-10 11:17:42"
        },
        {
            "name": "sllh/php-cs-fixer-styleci-bridge",
            "version": "v1.5.0",
            "source": {
                "type": "git",
                "url": "https://github.com/Soullivaneuh/php-cs-fixer-styleci-bridge.git",
                "reference": "befd684492a682aaeece0370594e6649b7b03087"
            },
            "dist": {
                "type": "zip",
                "url": "https://api.github.com/repos/Soullivaneuh/php-cs-fixer-styleci-bridge/zipball/befd684492a682aaeece0370594e6649b7b03087",
                "reference": "befd684492a682aaeece0370594e6649b7b03087",
                "shasum": ""
            },
            "require": {
                "composer/semver": "~1.0",
                "php": "^5.3|^7.0",
                "sllh/styleci-fixers": "~2.3",
                "symfony/config": "~2.3|~3.0",
                "symfony/console": "~2.3|~3.0",
                "symfony/dependency-injection": "~2.3|~3.0",
                "symfony/yaml": "~2.3|~3.0"
            },
            "require-dev": {
                "codeclimate/php-test-reporter": "~0.2",
                "fabpot/php-cs-fixer": "^1.6.1",
                "matthiasnoback/symfony-config-test": "~1.2",
                "satooshi/php-coveralls": "~0.6",
                "symfony/phpunit-bridge": "^2.7.4|~3.0",
                "twig/twig": "~1.22"
            },
            "type": "library",
            "extra": {
                "branch-alias": {
                    "dev-master": "1.x-dev"
                }
            },
            "autoload": {
                "psr-4": {
                    "SLLH\\StyleCIBridge\\": "src"
                }
            },
            "notification-url": "https://packagist.org/downloads/",
            "license": [
                "MIT"
            ],
            "authors": [
                {
                    "name": "Sullivan SENECHAL",
                    "email": "soullivaneuh@gmail.com"
                }
            ],
            "description": "Auto configure PHP-CS-Fixer from StyleCI config file",
            "keywords": [
                "PSR-1",
                "PSR-2",
                "PSR-4",
                "StyleCI",
                "configuration",
                "laravel",
                "php-cs-fixer",
                "psr",
                "symfony"
            ],
            "time": "2015-12-06 12:13:17"
        },
        {
            "name": "sllh/styleci-fixers",
            "version": "v2.9.0",
            "source": {
                "type": "git",
                "url": "https://github.com/Soullivaneuh/styleci-fixers.git",
                "reference": "16ec1aac3cf93ecb2f8746ccf930bf56e14c1884"
            },
            "dist": {
                "type": "zip",
                "url": "https://api.github.com/repos/Soullivaneuh/styleci-fixers/zipball/16ec1aac3cf93ecb2f8746ccf930bf56e14c1884",
                "reference": "16ec1aac3cf93ecb2f8746ccf930bf56e14c1884",
                "shasum": ""
            },
            "require": {
                "php": "^5.3|^7.0"
            },
            "require-dev": {
                "composer/semver": "~1.1",
                "fabpot/php-cs-fixer": "~1.10",
                "knplabs/packagist-api": "~1.3",
                "php": "^5.6|^7.0",
                "sllh/php-cs-fixer-styleci-bridge": "~1.3",
                "symfony/console": "~2.3",
                "twig/twig": "~1.23"
            },
            "type": "library",
            "autoload": {
                "psr-4": {
                    "SLLH\\StyleCIFixers\\": "src"
                }
            },
            "notification-url": "https://packagist.org/downloads/",
            "license": [
                "MIT"
            ],
            "authors": [
                {
                    "name": "Sullivan SENECHAL",
                    "email": "soullivaneuh@gmail.com"
                }
            ],
            "description": "Auto configure PHP-CS-Fixer from StyleCI config file",
            "keywords": [
                "StyleCI",
                "configuration",
                "php-cs-fixer"
            ],
            "time": "2015-12-09 00:09:07"
        },
        {
            "name": "symfony/config",
            "version": "v3.0.0",
            "source": {
                "type": "git",
                "url": "https://github.com/symfony/config.git",
                "reference": "40bae8658dbbb500ebc19aa9fde22dc4295fc290"
            },
            "dist": {
                "type": "zip",
                "url": "https://api.github.com/repos/symfony/config/zipball/40bae8658dbbb500ebc19aa9fde22dc4295fc290",
                "reference": "40bae8658dbbb500ebc19aa9fde22dc4295fc290",
                "shasum": ""
            },
            "require": {
                "php": ">=5.5.9",
                "symfony/filesystem": "~2.8|~3.0"
            },
            "type": "library",
            "extra": {
                "branch-alias": {
                    "dev-master": "3.0-dev"
                }
            },
            "autoload": {
                "psr-4": {
                    "Symfony\\Component\\Config\\": ""
                },
                "exclude-from-classmap": [
                    "/Tests/"
                ]
            },
            "notification-url": "https://packagist.org/downloads/",
            "license": [
                "MIT"
            ],
            "authors": [
                {
                    "name": "Fabien Potencier",
                    "email": "fabien@symfony.com"
                },
                {
                    "name": "Symfony Community",
                    "homepage": "https://symfony.com/contributors"
                }
            ],
            "description": "Symfony Config Component",
            "homepage": "https://symfony.com",
            "time": "2015-11-02 20:34:04"
        },
        {
            "name": "symfony/console",
            "version": "v3.0.0",
            "source": {
                "type": "git",
                "url": "https://github.com/symfony/console.git",
                "reference": "175871ca8d1ef16ff8d8cac395a1c73afa8d0e63"
            },
            "dist": {
                "type": "zip",
                "url": "https://api.github.com/repos/symfony/console/zipball/175871ca8d1ef16ff8d8cac395a1c73afa8d0e63",
                "reference": "175871ca8d1ef16ff8d8cac395a1c73afa8d0e63",
                "shasum": ""
            },
            "require": {
                "php": ">=5.5.9",
                "symfony/polyfill-mbstring": "~1.0"
            },
            "require-dev": {
                "psr/log": "~1.0",
                "symfony/event-dispatcher": "~2.8|~3.0",
                "symfony/process": "~2.8|~3.0"
            },
            "suggest": {
                "psr/log": "For using the console logger",
                "symfony/event-dispatcher": "",
                "symfony/process": ""
            },
            "type": "library",
            "extra": {
                "branch-alias": {
                    "dev-master": "3.0-dev"
                }
            },
            "autoload": {
                "psr-4": {
                    "Symfony\\Component\\Console\\": ""
                },
                "exclude-from-classmap": [
                    "/Tests/"
                ]
            },
            "notification-url": "https://packagist.org/downloads/",
            "license": [
                "MIT"
            ],
            "authors": [
                {
                    "name": "Fabien Potencier",
                    "email": "fabien@symfony.com"
                },
                {
                    "name": "Symfony Community",
                    "homepage": "https://symfony.com/contributors"
                }
            ],
            "description": "Symfony Console Component",
            "homepage": "https://symfony.com",
            "time": "2015-11-30 12:36:17"
        },
        {
            "name": "symfony/dependency-injection",
            "version": "v3.0.0",
            "source": {
                "type": "git",
                "url": "https://github.com/symfony/dependency-injection.git",
                "reference": "b8e19bafc334ee0a9edca028b666f4cd3bba2233"
            },
            "dist": {
                "type": "zip",
                "url": "https://api.github.com/repos/symfony/dependency-injection/zipball/b8e19bafc334ee0a9edca028b666f4cd3bba2233",
                "reference": "b8e19bafc334ee0a9edca028b666f4cd3bba2233",
                "shasum": ""
            },
            "require": {
                "php": ">=5.5.9"
            },
            "require-dev": {
                "symfony/config": "~2.8|~3.0",
                "symfony/expression-language": "~2.8|~3.0",
                "symfony/yaml": "~2.8|~3.0"
            },
            "suggest": {
                "symfony/config": "",
                "symfony/proxy-manager-bridge": "Generate service proxies to lazy load them",
                "symfony/yaml": ""
            },
            "type": "library",
            "extra": {
                "branch-alias": {
                    "dev-master": "3.0-dev"
                }
            },
            "autoload": {
                "psr-4": {
                    "Symfony\\Component\\DependencyInjection\\": ""
                },
                "exclude-from-classmap": [
                    "/Tests/"
                ]
            },
            "notification-url": "https://packagist.org/downloads/",
            "license": [
                "MIT"
            ],
            "authors": [
                {
                    "name": "Fabien Potencier",
                    "email": "fabien@symfony.com"
                },
                {
                    "name": "Symfony Community",
                    "homepage": "https://symfony.com/contributors"
                }
            ],
            "description": "Symfony DependencyInjection Component",
            "homepage": "https://symfony.com",
            "time": "2015-11-30 08:18:52"
        },
        {
            "name": "symfony/filesystem",
            "version": "v3.0.0",
            "source": {
                "type": "git",
                "url": "https://github.com/symfony/filesystem.git",
                "reference": "692d98d813e4ef314b9c22775c86ddbeb0f44884"
            },
            "dist": {
                "type": "zip",
                "url": "https://api.github.com/repos/symfony/filesystem/zipball/692d98d813e4ef314b9c22775c86ddbeb0f44884",
                "reference": "692d98d813e4ef314b9c22775c86ddbeb0f44884",
                "shasum": ""
            },
            "require": {
                "php": ">=5.5.9"
            },
            "type": "library",
            "extra": {
                "branch-alias": {
                    "dev-master": "3.0-dev"
                }
            },
            "autoload": {
                "psr-4": {
                    "Symfony\\Component\\Filesystem\\": ""
                },
                "exclude-from-classmap": [
                    "/Tests/"
                ]
            },
            "notification-url": "https://packagist.org/downloads/",
            "license": [
                "MIT"
            ],
            "authors": [
                {
                    "name": "Fabien Potencier",
                    "email": "fabien@symfony.com"
                },
                {
                    "name": "Symfony Community",
                    "homepage": "https://symfony.com/contributors"
                }
            ],
            "description": "Symfony Filesystem Component",
            "homepage": "https://symfony.com",
            "time": "2015-11-23 10:41:47"
        },
        {
            "name": "symfony/polyfill-mbstring",
            "version": "v1.0.0",
            "source": {
                "type": "git",
                "url": "https://github.com/symfony/polyfill-mbstring.git",
                "reference": "0b6a8940385311a24e060ec1fe35680e17c74497"
            },
            "dist": {
                "type": "zip",
                "url": "https://api.github.com/repos/symfony/polyfill-mbstring/zipball/0b6a8940385311a24e060ec1fe35680e17c74497",
                "reference": "0b6a8940385311a24e060ec1fe35680e17c74497",
                "shasum": ""
            },
            "require": {
                "php": ">=5.3.3"
            },
            "type": "library",
            "extra": {
                "branch-alias": {
                    "dev-master": "1.0-dev"
                }
            },
            "autoload": {
                "psr-4": {
                    "Symfony\\Polyfill\\Mbstring\\": ""
                },
                "files": [
                    "bootstrap.php"
                ]
            },
            "notification-url": "https://packagist.org/downloads/",
            "license": [
                "MIT"
            ],
            "authors": [
                {
                    "name": "Nicolas Grekas",
                    "email": "p@tchwork.com"
                },
                {
                    "name": "Symfony Community",
                    "homepage": "https://symfony.com/contributors"
                }
            ],
            "description": "Symfony polyfill for the Mbstring extension",
            "homepage": "https://symfony.com",
            "keywords": [
                "compatibility",
                "mbstring",
                "polyfill",
                "portable",
                "shim"
            ],
            "time": "2015-11-04 20:28:58"
        },
        {
            "name": "symfony/polyfill-php56",
            "version": "v1.0.0",
            "source": {
                "type": "git",
                "url": "https://github.com/symfony/polyfill-php56.git",
                "reference": "a6bd4770a6967517e6610529e14afaa3111094a3"
            },
            "dist": {
                "type": "zip",
                "url": "https://api.github.com/repos/symfony/polyfill-php56/zipball/a6bd4770a6967517e6610529e14afaa3111094a3",
                "reference": "a6bd4770a6967517e6610529e14afaa3111094a3",
                "shasum": ""
            },
            "require": {
                "php": ">=5.3.3",
                "symfony/polyfill-util": "~1.0"
            },
            "type": "library",
            "extra": {
                "branch-alias": {
                    "dev-master": "1.0-dev"
                }
            },
            "autoload": {
                "psr-4": {
                    "Symfony\\Polyfill\\Php56\\": ""
                },
                "files": [
                    "bootstrap.php"
                ]
            },
            "notification-url": "https://packagist.org/downloads/",
            "license": [
                "MIT"
            ],
            "authors": [
                {
                    "name": "Nicolas Grekas",
                    "email": "p@tchwork.com"
                },
                {
                    "name": "Symfony Community",
                    "homepage": "https://symfony.com/contributors"
                }
            ],
            "description": "Symfony polyfill backporting some PHP 5.6+ features to lower PHP versions",
            "homepage": "https://symfony.com",
            "keywords": [
                "compatibility",
                "polyfill",
                "portable",
                "shim"
            ],
            "time": "2015-11-04 20:28:58"
        },
        {
            "name": "symfony/polyfill-util",
            "version": "v1.0.0",
            "source": {
                "type": "git",
                "url": "https://github.com/symfony/polyfill-util.git",
                "reference": "4271c55cbc0a77b2641f861b978123e46b3da969"
            },
            "dist": {
                "type": "zip",
                "url": "https://api.github.com/repos/symfony/polyfill-util/zipball/4271c55cbc0a77b2641f861b978123e46b3da969",
                "reference": "4271c55cbc0a77b2641f861b978123e46b3da969",
                "shasum": ""
            },
            "require": {
                "php": ">=5.3.3"
            },
            "type": "library",
            "extra": {
                "branch-alias": {
                    "dev-master": "1.0-dev"
                }
            },
            "autoload": {
                "psr-4": {
                    "Symfony\\Polyfill\\Util\\": ""
                }
            },
            "notification-url": "https://packagist.org/downloads/",
            "license": [
                "MIT"
            ],
            "authors": [
                {
                    "name": "Nicolas Grekas",
                    "email": "p@tchwork.com"
                },
                {
                    "name": "Symfony Community",
                    "homepage": "https://symfony.com/contributors"
                }
            ],
            "description": "Symfony utilities for portability of PHP codes",
            "homepage": "https://symfony.com",
            "keywords": [
                "compat",
                "compatibility",
                "polyfill",
                "shim"
            ],
            "time": "2015-11-04 20:28:58"
        },
        {
            "name": "symfony/yaml",
            "version": "v3.0.0",
            "source": {
                "type": "git",
                "url": "https://github.com/symfony/yaml.git",
                "reference": "177a015cb0e19ff4a49e0e2e2c5fc1c1bee07002"
            },
            "dist": {
                "type": "zip",
                "url": "https://api.github.com/repos/symfony/yaml/zipball/177a015cb0e19ff4a49e0e2e2c5fc1c1bee07002",
                "reference": "177a015cb0e19ff4a49e0e2e2c5fc1c1bee07002",
                "shasum": ""
            },
            "require": {
                "php": ">=5.5.9"
            },
            "type": "library",
            "extra": {
                "branch-alias": {
                    "dev-master": "3.0-dev"
                }
            },
            "autoload": {
                "psr-4": {
                    "Symfony\\Component\\Yaml\\": ""
                },
                "exclude-from-classmap": [
                    "/Tests/"
                ]
            },
            "notification-url": "https://packagist.org/downloads/",
            "license": [
                "MIT"
            ],
            "authors": [
                {
                    "name": "Fabien Potencier",
                    "email": "fabien@symfony.com"
                },
                {
                    "name": "Symfony Community",
                    "homepage": "https://symfony.com/contributors"
                }
            ],
            "description": "Symfony Yaml Component",
            "homepage": "https://symfony.com",
            "time": "2015-11-30 12:36:17"
        }
    ],
    "aliases": [],
    "minimum-stability": "stable",
    "stability-flags": [],
    "prefer-stable": false,
    "prefer-lowest": false,
    "platform": {
        "php": ">=5.4.8"
    },
    "platform-dev": []
}
